
Microsoft Visual Studio Solution File, Format Version 12.00
# Visual Studio 15
VisualStudioVersion = 15.0.26228.9
MinimumVisualStudioVersion = 10.0.40219.1
Project("{FAE04EC0-301F-11D3-BF4B-00C04F79EFBC}") = "Town Class", "Town Class\Town Class.csproj", "{5E8AEFA7-DE2C-4AC7-82FD-0251A5D87C37}"
EndProject
Global
	GlobalSection(SolutionConfigurationPlatforms) = preSolution
		Debug|Any CPU = Debug|Any CPU
		Release|Any CPU = Release|Any CPU
	EndGlobalSection
	GlobalSection(ProjectConfigurationPlatforms) = postSolution
		{5E8AEFA7-DE2C-4AC7-82FD-0251A5D87C37}.Debug|Any CPU.ActiveCfg = Debug|Any CPU
		{5E8AEFA7-DE2C-4AC7-82FD-0251A5D87C37}.Debug|Any CPU.Build.0 = Debug|Any CPU
		{5E8AEFA7-DE2C-4AC7-82FD-0251A5D87C37}.Release|Any CPU.ActiveCfg = Release|Any CPU
		{5E8AEFA7-DE2C-4AC7-82FD-0251A5D87C37}.Release|Any CPU.Build.0 = Release|Any CPU
	EndGlobalSection
	GlobalSection(SolutionProperties) = preSolution
		HideSolutionNode = FALSE
	EndGlobalSection
EndGlobal
